# This file was autogenerated by uv via the following command:
#    uv --cache-dir .\.cache\uv export --project backend --locked --no-emit-project --format requirements-txt --output-file backend\requirements.lock
alembic==1.20.0 \
    --hash=sha256:77eb101048d95f982c0353e9233404889dcd7a6fc244c107836c0e2fc9cf7d9d \
    --hash=sha256:db505480647bc60386c5369402f4a57a506b7539c9e9ef5e270d45cbbe4939bf
    # via microtrace-backend
annotated-doc==0.0.5 \
    --hash=sha256:117bac03a25ede5df5440e855b32d556049ca169ead221505badf432fed4b101 \
    --hash=sha256:c7e58ce09192557605d8bbd92836d7e1d520ac9580096042c0bfd197efacf1bb
    # via fastapi
annotated-types==0.8.0 \
    --hash=sha256:13b2beaad985e05e2d6407ee4c4f35590b11f8d693a258a561055cac8f64cab7 \
    --hash=sha256:f072f4d804ea359e4eaf198b1af7a8b0943881a87f31bb764f8bf219bb9419e0
    # via pydantic
anyio==4.15.1 \
    --hash=sha256:6152fdbbf9a77fdec97731721bebf7c4c44f7c29b424b0065826173efc7ed101 \
    --hash=sha256:9f28306018cbd6d329e64a36d58256edff76dd996fe423bc957326e578b82a94
    # via
    #   httpx
    #   starlette
certifi==2026.7.22 \
    --hash=sha256:62f22742b58a1a33014a2b6b706588a8d7e2a88ae7bd1a6ebe8c992928483775 \
    --hash=sha256:741e2c3b351ddf169a738da9f2c048608ff7f2c5cc02f1ebc6b118bb090d5d55
    # via
    #   httpcore
    #   httpx
click==8.5.0 \
    --hash=sha256:255bc9599cf7748b4b1a446ccc735421bd08a2ae529a8b88597d3de5664ee360 \
    --hash=sha256:ba0d2089de75ea0310e2dde03160e6ca10009947fb95a182f9b54021bb272e34
    # via uvicorn
colorama==0.4.6 ; sys_platform == 'win32' \
    --hash=sha256:08695f5cb7ed6e0531a20572697297273c47b8cae5a63ffc6d6ed5c201be6e44 \
    --hash=sha256:4f1d9991f5acc0ca119f9d443620b77f9d6b33703e51011c16baf57afb285fc6
    # via pytest
fastapi==0.142.2 \
    --hash=sha256:06366626f2e70576367714d9ab2fe8472e6c8456dba69b399f9f797ab5e92570 \
    --hash=sha256:bd5f4d81f1e93a88bcd77caf4dfe3c2dbffc3805407a0007e9a114c18b3a670b
    # via microtrace-backend
h11==0.16.0 \
    --hash=sha256:4e35b956cf45792e4caa5885e69fba00bdbc6ffafbfa020300e549b208ee5ff1 \
    --hash=sha256:63cf8bbe7522de3bf65932fda1d9c2772064ffb3dae62d55932da54b31cb6c86
    # via
    #   httpcore
    #   uvicorn
httpcore==1.0.9 \
    --hash=sha256:2d400746a40668fc9dec9810239072b40b4484b640a8c38fd654a024c7a1bf55 \
    --hash=sha256:6e34463af53fd2ab5d807f399a9b45ea31c3dfa2276f15a2c3f00afff6e176e8
    # via httpx
httpx==0.28.1 \
    --hash=sha256:75e98c5f16b0f35b567856f597f06ff2270a374470a5c2392242528e3e3e42fc \
    --hash=sha256:d909fcccc110f8c7faf814ca82a9a4d816bc5a6dbfea25d6591d6985b8ba59ad
    # via microtrace-backend
idna==3.20 \
    --hash=sha256:a7db850025b95ded1eae8a46181a1a6c56c92c96f0e2b005d9ff8dc0210cab44 \
    --hash=sha256:ab7ae7122974553370f0bdb919e1a960b2cd1bc1ef0276416d896db81c14582c
    # via
    #   anyio
    #   httpx
iniconfig==2.3.0 \
    --hash=sha256:c76315c77db068650d49c5b56314774a7804df16fee4402c1f19d6d15d8c4730 \
    --hash=sha256:f631c04d2c48c52b84d0d0549c99ff3859c98df65b3101406327ecc7d53fbf12
    # via pytest
mako==1.4.3 \
    --hash=sha256:723296007c870bfd6b3f0c3230dba7198096e5269297ebf5e4eff9e7ffa39d4f \
    --hash=sha256:cd6537fe88d5fec315c55c2f8529bc4ce7a9a352ad7db3eeaa6a66e2dd4ec37a
    # via alembic
markupsafe==3.0.3 \
    --hash=sha256:1872df69a4de6aead3491198eaf13810b565bdbeec3ae2dc8780f14458ec73ce \
    --hash=sha256:26a5784ded40c9e318cfc2bdb30fe164bdb8665ded9cd64d500a34fb42067b1c \
    --hash=sha256:35add3b638a5d900e807944a078b51922212fb3dedb01633a8defc4b01a3c85f \
    --hash=sha256:3a7e8ae81ae39e62a41ec302f972ba6ae23a5c5396c8e60113e9066ef893da0d \
    --hash=sha256:722695808f4b6457b320fdc131280796bdceb04ab50fe1795cd540799ebe1698 \
    --hash=sha256:77f0643abe7495da77fb436f50f8dab76dbc6e5fd25d39589a0f1fe6548bfa2b \
    --hash=sha256:83891d0e9fb81a825d9a6d61e3f07550ca70a076484292a70fde82c4b807286f \
    --hash=sha256:94c6f0bb423f739146aec64595853541634bde58b2135f27f61c1ffd1cd4d16a \
    --hash=sha256:be8813b57049a7dc738189df53d69395eba14fb99345e0a5994914a3864c8a4b \
    --hash=sha256:d53197da72cc091b024dd97249dfc7794d6a56530370992a5e1a08983ad9230e \
    --hash=sha256:d6dd0be5b5b189d31db7cda48b91d7e0a9795f31430b7f271219ab30f1d3ac9d \
    --hash=sha256:d88b440e37a16e651bda4c7c2b930eb586fd15ca7406cb39e211fcff3bf3017d
    # via mako
opentelemetry-api==1.45.0 \
    --hash=sha256:711ede81773c8025c2c03dac0450bc89f3d30aea6eabcc815c570d4e35a963f7 \
    --hash=sha256:80e068aba7cd56c8b58512d6a36f8d25cb1dfaa0c0a4cc1c938ccf9f362d9cb3
    # via fastapi
packaging==26.3 \
    --hash=sha256:94edc256424af38762eb31306eed28beb9f0efc50a8837492c9d6fd6004aed79 \
    --hash=sha256:d7193f7c8e4e93f444fde0262bf90af30e16fa0ad0ad44cb553c87339b23cd1c
    # via pytest
pluggy==1.6.0 \
    --hash=sha256:7dcc130b76258d33b90f61b658791dede3486c3e6bfb003ee5c9bfb396dd22f3 \
    --hash=sha256:e920276dd6813095e9377c0bc5566d94c932c33b27a3e3945d8389c374dd4746
    # via pytest
psycopg==3.3.6 \
    --hash=sha256:a1db9f7148b06a28606767efaca51fa6f9398c5c0a3810519be69d7000bdb631 \
    --hash=sha256:c081f2250df751a943036e42db6df4571c66cd0aabe8291a7a506512b12007d2
    # via microtrace-backend
psycopg-binary==3.3.6 ; implementation_name != 'pypy' \
    --hash=sha256:1679a1cb93fbe5a6d1fd58d82cbddcc6fcb8c61446ba7cae6eb2a7b19bc585de \
    --hash=sha256:289aadd6a00e151203c081f708348ec89f1e483c9b510ef4ac3981f847f01f79 \
    --hash=sha256:366db6e97e66b37211475f20c4c1324a2dc0dd825e46d4e87f9d599304d276f9 \
    --hash=sha256:37d40450659401600e6d043ff586c89a71a69f33cbb8bcdba6cdb2569beecdbe \
    --hash=sha256:3f84dab25e0385692ee13274c68678377e0b1a70ab9d14e56264cbf61f60c62d \
    --hash=sha256:612382ac3ed13651c7fa44b5fee9fbf7baaa2ddbc6f500391672682c5f1df9e0 \
    --hash=sha256:a4ee3bdd5468a725f2a4d9aab8a74b6d0279f768c8b5d3aeb102c5307ff3d59c \
    --hash=sha256:a5165300324efd5a772c48a88ab3a928513ab3979fca76553e62ee815f7b2b9c \
    --hash=sha256:d636338c8f21b0df2f84657b00bc34f9313f826ef93f1155bc743607e4a0c5eb \
    --hash=sha256:e23a66a763fbe83fcc210bc77c27e5a5ea380ebf091c06f34d8561b695e5a40f \
    --hash=sha256:f21d057f3e5f5491067e5b292498073b73847d48799b099803fef100775fcc52
    # via psycopg
pydantic==2.13.5 \
    --hash=sha256:346a034f080da3755d8e9cb5e00e8b07de1d39e4f6e2c87d8ab7cafa0b269a73 \
    --hash=sha256:51a9c5f7b2f8e636f04c6cada605d9b6a3bf1348fdf945a3d8869b19bba0ee08
    # via
    #   fastapi
    #   microtrace-backend
pydantic-core==2.46.5 \
    --hash=sha256:013d6f3483d81e02e7c328831808f336c8596ee33b4bd4026b9ffb1e960b8942 \
    --hash=sha256:0fc5be0abd4a407e200d844b404e33639a554e7bd0d448e7b9ae181be4789ac2 \
    --hash=sha256:10416c15b8839ecc4ef4d0885da76da6fd0f67333a0eb8aff6d93c4b8f2910fc \
    --hash=sha256:18a09e1e1011b462f2e32774f25859ef1223d5c2b0546a633cf56654710721e0 \
    --hash=sha256:2bc9419666990c06d7397831f2126a1ecc3594aaa3ff7de5bf2d066802f4e07b \
    --hash=sha256:347ec774390c87326a2e4929d58d3f7e8763a104d5d35f4cd595a4c952366433 \
    --hash=sha256:4fdc8b93a41521988916eeaa271173fcca7fa0803d62f87675aac8dcec1c8e29 \
    --hash=sha256:5cb482e9e84c851f4e623fe4acc1ced89168cf1fe18f7089db4548c8f5bbb65b \
    --hash=sha256:5e81740c09e310f5aa5cbd3e434a01c154d4bef93241c7877b39f211d2b78ba8 \
    --hash=sha256:816ff0a6550ffc06c098ccd2e0698600f9aa7da192a79eaa6f9af504a35db869 \
    --hash=sha256:8e24d8f05fa2d28513d94e877e9c75ad66175376209b3977f916e240e623193c \
    --hash=sha256:a39ac25a9a2fa4072efdb429833c4a4c8009a51ff9eea3eeae131713cd27991e \
    --hash=sha256:b98134087d9de723658d17a42c7d0da8d6e2ef08015dee7dc93889047315f5e4 \
    --hash=sha256:b9fe6fb92520e3fd61f2e49000b6911b188824f089b75973ea06d6267f0b476d \
    --hash=sha256:c7ea57fc63aa7da93a1bd2d644e6577befae10c52c4e36377635eea1056a74f5 \
    --hash=sha256:d925f3d9afd05a8c0fb3a1031463a8d59ebe5e2afad297e29c78be19e13b4e62 \
    --hash=sha256:e652ab17569c94bff5475520f907b7148b8c24036a8ebbe5cf7cf7493d28579a \
    --hash=sha256:e9c134bb666dd54b778b9fc0d2b50cbb7f979b9e3716f26a88c9ab3b6fc1dd0f \
    --hash=sha256:efd62a42486f1bda5d24cb4f63d15a3c7768375fe83d36f9417b4ad7a2fb20b3 \
    --hash=sha256:f7b0ec93a2893de856652154d73b7ba622f26fa97726487dcac373de5f4c6084
    # via pydantic
pygments==2.21.0 \
    --hash=sha256:2363c69b61c4a97c838da3b130dcd6468f4848992b21a82f2a63ec34377137d9 \
    --hash=sha256:610ca751c9bc2492b38eb9a38a7fbc93edbbb2d7182edaf34e66ae493dee5c8c
    # via pytest
pytest==9.1.1 \
    --hash=sha256:1088fbde8f2b49d95a549a195707afa7a76a3ce9bcadc26b6d71f0ffda5fe313 \
    --hash=sha256:37a86b45efb9a47a61a36449063e8e18d0cab3161329fc099eb21783169c4f0c
ruff==0.16.10 \
    --hash=sha256:1dfc6f0088149fb6a362c1c446bcbb3fd2157b3852fe2fa68409276eab9ad9b3 \
    --hash=sha256:25a65fe998c4e6861ec079ada5826a2fc605e6cbccbe9dcd7fac1f54e791621b \
    --hash=sha256:2a12e01cb9156c10c466f63b46eaae5ecea28dfbd21b5836353ae498e7d1349a \
    --hash=sha256:3031a4a2e8e7b8a46f70be45f198c35a11ece509a94b80334d8d397a33c67550 \
    --hash=sha256:3e70175e29cc94c26ea296c80e470180b744b7419026898e58f520c6ab32578e \
    --hash=sha256:488b0fe3f3574210e5cf80d9f59b9e3ab17a127a8155de3f307b392589cfb511 \
    --hash=sha256:494401c86df4c4c25f69b9419605d944467ee98c42fb6ad405ef4fa40b8fb67d \
    --hash=sha256:6553498afc35f580f036030795810b9e6bcea31604b0fd9e8d352795473042e3 \
    --hash=sha256:7ae7375f803b5520dc9f546bed7e3a0acb70b91812e9bb4b19927de22f25b77d \
    --hash=sha256:92e59a70bcbd9d3a5483656da906ec28edfdacfce00afd99edb8b4e9d15644be \
    --hash=sha256:97f2015c92aa97105b0eab19eb5d224884399281cfc5da86a92db4ab5e7fb2ca \
    --hash=sha256:a3b8471dea115d37f123882be852bed13403746d3a76c11de4a19ec5f9ff5a03 \
    --hash=sha256:bc2610fb269fa56dd8a68669ae470fa6272902668c0fc2ebc3aa112b2633d5b8 \
    --hash=sha256:bd83d1235a5258d318477bc5b576303974cbdef5df0c01a1bff14efcc23bd12a \
    --hash=sha256:d203abc0ff2b773ee33d00ab8df0bb67046fbc7c07b119332f08b9b345cf8221 \
    --hash=sha256:e748ff95c934c4e978783b8e687bc174e7bd84e8ad24e3243e1ecfcda5e0282d \
    --hash=sha256:eff4728c4eaae93f0955cd264d24b2ab348e74bf59986ccf282ba6dc16b3b017 \
    --hash=sha256:f33f43a864a8483eebd160e713336c8bab02c934feaff0a33cf5ccb41546d09a
sqlalchemy==2.1.1 \
    --hash=sha256:0220e0d1d1ad2391a03cd6713ca5d795419033cc40baa1233f9ad454dffa25e6 \
    --hash=sha256:054a2c2b6cbe3ca7cb88aba9c5e2ecdbfc43656bea22326a41d09e5398c86ec4 \
    --hash=sha256:0fad3dc37851b096ef72538b18152a5c1ae9c8b2013cd89f51eca83fc6eba36b \
    --hash=sha256:1abf1acecd4d0fc34d4ab7e9cda9e849ce95b647e1a5f76db7d2a5a0bea4e1e5 \
    --hash=sha256:4357c1a222e141662251a59d3702f9b124294941171dfa6bd570513e9f4905ee \
    --hash=sha256:61333b2f806f64a08a1edf0b0e4271905f73c1f7e525c23da7a491f74c109835 \
    --hash=sha256:842a5c00ca9719cc26fba6f401f70e4bac19dc8cc4dc36350803a03954d6aea2 \
    --hash=sha256:8a3126c1203cdfc0f00884f9e8dbe95307b813f883ee9d9691983a563ebc96f8 \
    --hash=sha256:af189bd861bd31a84f0ba244d6db0c8aeae9e56448c9001bf02ee6a93758b39e \
    --hash=sha256:ea049f3e2702967414bc79f58a484dab191359267726607e6c1579a09ef93788 \
    --hash=sha256:f90e517b2eb9c4c40fcc978c8c242789fa6cb0064c501fd8c1515145ed5fe23d \
    --hash=sha256:fcf3cbb33bb23bad75d2150157c21804618745731e9931ab27e61879a9f6123b
    # via
    #   alembic
    #   microtrace-backend
starlette==1.7.0 \
    --hash=sha256:67f8e99895493dd2911a03f11314af6ceebeae4e704bb9f43dfc6a9db151c93e \
    --hash=sha256:c79f74ea63cff761804fbbfb182f1e0b440c2d07b164d24700c5a1bab5d6ff5d
    # via fastapi
typing-extensions==4.16.0 \
    --hash=sha256:481caa481374e813c1b176ada14e97f1f67a4539ce9cfeb3f350d78d6370c2e8 \
    --hash=sha256:dc983d19a509c94dba722ee6abd33940f7c05a89e243c47e907eb4db6f1a43e5
    # via
    #   alembic
    #   anyio
    #   fastapi
    #   opentelemetry-api
    #   psycopg
    #   pydantic
    #   pydantic-core
    #   sqlalchemy
    #   starlette
    #   typing-inspection
typing-inspection==0.4.4 \
    --hash=sha256:547274fa6b0a561ccf549cc9524b999a578e737d015d8709d021f9d0d13bea47 \
    --hash=sha256:65b8397ba37ccbce054456aaccddfc91e6e3083c92824df348d96ca832f3f147
    # via
    #   fastapi
    #   pydantic
tzdata==2026.4 ; sys_platform == 'win32' \
    --hash=sha256:c2169a8b0a7a5e9674da5a135ccdfb2b3e671b333ed9fed17b41f73c34476e81 \
    --hash=sha256:f1b8bd365d8d210c55353f4d7f8d6d8561c0ba50d704b700d195a9424bba0d79
    # via psycopg
uvicorn==0.54.0 \
    --hash=sha256:505bdb0f318731d45f1f712071fc781a8981f6847a31c902c9f5e652d4f67faf \
    --hash=sha256:a2e33cbfaa0306f8e6b0c13e0cb89d7d7a2da3e62b90c66e18c33d9807b28620
    # via microtrace-backend
